
Microsoft Visual Studio Solution File, Format Version 12.00
# Visual Studio 15
VisualStudioVersion = 15.0.27019.1
MinimumVisualStudioVersion = 10.0.40219.1
Project("{9A19103F-16F7-4668-BE54-9A1E7A4F7556}") = "AdventOfCode2017", "AdventOfCode2017\AdventOfCode2017.csproj", "{50E90F58-40C1-4769-9907-8E59D6F7F60C}"
EndProject
Global
	GlobalSection(SolutionConfigurationPlatforms) = preSolution
		Debug|Any CPU = Debug|Any CPU
		Release|Any CPU = Release|Any CPU
	EndGlobalSection
	GlobalSection(ProjectConfigurationPlatforms) = postSolution
		{50E90F58-40C1-4769-9907-8E59D6F7F60C}.Debug|Any CPU.ActiveCfg = Debug|Any CPU
		{50E90F58-40C1-4769-9907-8E59D6F7F60C}.Debug|Any CPU.Build.0 = Debug|Any CPU
		{50E90F58-40C1-4769-9907-8E59D6F7F60C}.Release|Any CPU.ActiveCfg = Release|Any CPU
		{50E90F58-40C1-4769-9907-8E59D6F7F60C}.Release|Any CPU.Build.0 = Release|Any CPU
	EndGlobalSection
	GlobalSection(SolutionProperties) = preSolution
		HideSolutionNode = FALSE
	EndGlobalSection
	GlobalSection(ExtensibilityGlobals) = postSolution
		SolutionGuid = {C095C5EB-976C-4C26-B6D2-7B87E3FDB634}
	EndGlobalSection
EndGlobal
